
Microsoft Visual Studio Solution File, Format Version 12.00
# Visual Studio 14
VisualStudioVersion = 14.0.24720.0
MinimumVisualStudioVersion = 10.0.40219.1
Project("{FAE04EC0-301F-11D3-BF4B-00C04F79EFBC}") = "EMS", "EMS\EMS.csproj", "{4F45B134-FEC9-42B9-A0AD-B7FB333EE831}"
EndProject
Project("{FAE04EC0-301F-11D3-BF4B-00C04F79EFBC}") = "EmployeeLeaveManagement", "EmployeeLeaveManagement\EmployeeLeaveManagement.csproj", "{3047BEE0-8C83-41EF-A5A6-A996C2F7B7BB}"
EndProject
Project("{FAE04EC0-301F-11D3-BF4B-00C04F79EFBC}") = "Domain.Entity", "Domain.Entity\Domain.Entity.csproj", "{1DBCA7DB-C804-4ADC-95C5-0CCC9C4C86EB}"
EndProject
Project("{FAE04EC0-301F-11D3-BF4B-00C04F79EFBC}") = "Domain.DAL", "Domain.DAL\Domain.DAL.csproj", "{7C17D3AC-EC90-4801-AAE8-4EDA8A16D2F3}"
EndProject
Project("{FAE04EC0-301F-11D3-BF4B-00C04F79EFBC}") = "Domain.IDAL", "Domain.IDAL\Domain.IDAL.csproj", "{EE8DCDAA-2640-4435-95E5-E51424190F12}"
EndProject
Global
	GlobalSection(SolutionConfigurationPlatforms) = preSolution
		Debug|Any CPU = Debug|Any CPU
		Release|Any CPU = Release|Any CPU
	EndGlobalSection
	GlobalSection(ProjectConfigurationPlatforms) = postSolution
		{4F45B134-FEC9-42B9-A0AD-B7FB333EE831}.Debug|Any CPU.ActiveCfg = Debug|Any CPU
		{4F45B134-FEC9-42B9-A0AD-B7FB333EE831}.Debug|Any CPU.Build.0 = Debug|Any CPU
		{4F45B134-FEC9-42B9-A0AD-B7FB333EE831}.Release|Any CPU.ActiveCfg = Release|Any CPU
		{4F45B134-FEC9-42B9-A0AD-B7FB333EE831}.Release|Any CPU.Build.0 = Release|Any CPU
		{3047BEE0-8C83-41EF-A5A6-A996C2F7B7BB}.Debug|Any CPU.ActiveCfg = Debug|Any CPU
		{3047BEE0-8C83-41EF-A5A6-A996C2F7B7BB}.Debug|Any CPU.Build.0 = Debug|Any CPU
		{3047BEE0-8C83-41EF-A5A6-A996C2F7B7BB}.Release|Any CPU.ActiveCfg = Release|Any CPU
		{3047BEE0-8C83-41EF-A5A6-A996C2F7B7BB}.Release|Any CPU.Build.0 = Release|Any CPU
		{1DBCA7DB-C804-4ADC-95C5-0CCC9C4C86EB}.Debug|Any CPU.ActiveCfg = Debug|Any CPU
		{1DBCA7DB-C804-4ADC-95C5-0CCC9C4C86EB}.Debug|Any CPU.Build.0 = Debug|Any CPU
		{1DBCA7DB-C804-4ADC-95C5-0CCC9C4C86EB}.Release|Any CPU.ActiveCfg = Release|Any CPU
		{1DBCA7DB-C804-4ADC-95C5-0CCC9C4C86EB}.Release|Any CPU.Build.0 = Release|Any CPU
		{7C17D3AC-EC90-4801-AAE8-4EDA8A16D2F3}.Debug|Any CPU.ActiveCfg = Debug|Any CPU
		{7C17D3AC-EC90-4801-AAE8-4EDA8A16D2F3}.Debug|Any CPU.Build.0 = Debug|Any CPU
		{7C17D3AC-EC90-4801-AAE8-4EDA8A16D2F3}.Release|Any CPU.ActiveCfg = Release|Any CPU
		{7C17D3AC-EC90-4801-AAE8-4EDA8A16D2F3}.Release|Any CPU.Build.0 = Release|Any CPU
		{EE8DCDAA-2640-4435-95E5-E51424190F12}.Debug|Any CPU.ActiveCfg = Debug|Any CPU
		{EE8DCDAA-2640-4435-95E5-E51424190F12}.Debug|Any CPU.Build.0 = Debug|Any CPU
		{EE8DCDAA-2640-4435-95E5-E51424190F12}.Release|Any CPU.ActiveCfg = Release|Any CPU
		{EE8DCDAA-2640-4435-95E5-E51424190F12}.Release|Any CPU.Build.0 = Release|Any CPU
	EndGlobalSection
	GlobalSection(SolutionProperties) = preSolution
		HideSolutionNode = FALSE
	EndGlobalSection
EndGlobal
