
Microsoft Visual Studio Solution File, Format Version 12.00
# Visual Studio 14
VisualStudioVersion = 14.0.25420.1
MinimumVisualStudioVersion = 10.0.40219.1
Project("{FAE04EC0-301F-11D3-BF4B-00C04F79EFBC}") = "NewFeatures-FrameworkAndLanguage", "NewFeatures-FrameworkAndLanguage\NewFeatures-FrameworkAndLanguage.csproj", "{AEDEF01D-DABD-4E57-9582-AA7E57EE856E}"
EndProject
Global
	GlobalSection(SolutionConfigurationPlatforms) = preSolution
		Debug|Any CPU = Debug|Any CPU
		Release|Any CPU = Release|Any CPU
	EndGlobalSection
	GlobalSection(ProjectConfigurationPlatforms) = postSolution
		{AEDEF01D-DABD-4E57-9582-AA7E57EE856E}.Debug|Any CPU.ActiveCfg = Debug|Any CPU
		{AEDEF01D-DABD-4E57-9582-AA7E57EE856E}.Debug|Any CPU.Build.0 = Debug|Any CPU
		{AEDEF01D-DABD-4E57-9582-AA7E57EE856E}.Release|Any CPU.ActiveCfg = Release|Any CPU
		{AEDEF01D-DABD-4E57-9582-AA7E57EE856E}.Release|Any CPU.Build.0 = Release|Any CPU
	EndGlobalSection
	GlobalSection(SolutionProperties) = preSolution
		HideSolutionNode = FALSE
	EndGlobalSection
EndGlobal
