
Microsoft Visual Studio Solution File, Format Version 12.00
# Visual Studio 14
VisualStudioVersion = 14.0.24720.0
MinimumVisualStudioVersion = 10.0.40219.1
Project("{FAE04EC0-301F-11D3-BF4B-00C04F79EFBC}") = "FW-Trial", "Trials\FW-Trial.csproj", "{7A899280-4A55-4705-8D68-C7FB8EB71464}"
EndProject
Project("{FAE04EC0-301F-11D3-BF4B-00C04F79EFBC}") = "FWModel", "FWModel\FWModel.csproj", "{CCE601A1-43D8-4958-AE11-B188722FD781}"
EndProject
Global
	GlobalSection(SolutionConfigurationPlatforms) = preSolution
		Debug|Any CPU = Debug|Any CPU
		Release|Any CPU = Release|Any CPU
	EndGlobalSection
	GlobalSection(ProjectConfigurationPlatforms) = postSolution
		{7A899280-4A55-4705-8D68-C7FB8EB71464}.Debug|Any CPU.ActiveCfg = Debug|Any CPU
		{7A899280-4A55-4705-8D68-C7FB8EB71464}.Debug|Any CPU.Build.0 = Debug|Any CPU
		{7A899280-4A55-4705-8D68-C7FB8EB71464}.Release|Any CPU.ActiveCfg = Release|Any CPU
		{7A899280-4A55-4705-8D68-C7FB8EB71464}.Release|Any CPU.Build.0 = Release|Any CPU
		{CCE601A1-43D8-4958-AE11-B188722FD781}.Debug|Any CPU.ActiveCfg = Debug|Any CPU
		{CCE601A1-43D8-4958-AE11-B188722FD781}.Debug|Any CPU.Build.0 = Debug|Any CPU
		{CCE601A1-43D8-4958-AE11-B188722FD781}.Release|Any CPU.ActiveCfg = Release|Any CPU
		{CCE601A1-43D8-4958-AE11-B188722FD781}.Release|Any CPU.Build.0 = Release|Any CPU
	EndGlobalSection
	GlobalSection(SolutionProperties) = preSolution
		HideSolutionNode = FALSE
	EndGlobalSection
EndGlobal
